
Microsoft Visual Studio Solution File, Format Version 12.00
# Visual Studio Version 17
VisualStudioVersion = 17.3.32929.385
MinimumVisualStudioVersion = 10.0.40219.1
Project("{9A19103F-16F7-4668-BE54-9A1E7A4F7556}") = "WebMotors.Api", "WebMotors.Api\WebMotors.Api.csproj", "{204C7C46-E779-43B4-B8DE-153D3C426ABC}"
EndProject
Project("{9A19103F-16F7-4668-BE54-9A1E7A4F7556}") = "WebMotors.Infraestructure", "WebMotors.Infraestructure\WebMotors.Infraestructure.csproj", "{B6F31B76-ACF3-4559-B8E1-41705952EC41}"
EndProject
Project("{9A19103F-16F7-4668-BE54-9A1E7A4F7556}") = "WebMotors.Domain", "WebMotors.Domain\WebMotors.Domain.csproj", "{AD85C4C3-F31A-47F3-95C5-94F54E83B57E}"
EndProject
Project("{9A19103F-16F7-4668-BE54-9A1E7A4F7556}") = "WebMotors.Application", "WebMotors.Application\WebMotors.Application.csproj", "{EB47C5F0-FDD5-49E2-AB94-EBEC4EDCAA54}"
EndProject
Global
	GlobalSection(SolutionConfigurationPlatforms) = preSolution
		Debug|Any CPU = Debug|Any CPU
		Release|Any CPU = Release|Any CPU
	EndGlobalSection
	GlobalSection(ProjectConfigurationPlatforms) = postSolution
		{204C7C46-E779-43B4-B8DE-153D3C426ABC}.Debug|Any CPU.ActiveCfg = Debug|Any CPU
		{204C7C46-E779-43B4-B8DE-153D3C426ABC}.Debug|Any CPU.Build.0 = Debug|Any CPU
		{204C7C46-E779-43B4-B8DE-153D3C426ABC}.Release|Any CPU.ActiveCfg = Release|Any CPU
		{204C7C46-E779-43B4-B8DE-153D3C426ABC}.Release|Any CPU.Build.0 = Release|Any CPU
		{B6F31B76-ACF3-4559-B8E1-41705952EC41}.Debug|Any CPU.ActiveCfg = Debug|Any CPU
		{B6F31B76-ACF3-4559-B8E1-41705952EC41}.Debug|Any CPU.Build.0 = Debug|Any CPU
		{B6F31B76-ACF3-4559-B8E1-41705952EC41}.Release|Any CPU.ActiveCfg = Release|Any CPU
		{B6F31B76-ACF3-4559-B8E1-41705952EC41}.Release|Any CPU.Build.0 = Release|Any CPU
		{AD85C4C3-F31A-47F3-95C5-94F54E83B57E}.Debug|Any CPU.ActiveCfg = Debug|Any CPU
		{AD85C4C3-F31A-47F3-95C5-94F54E83B57E}.Debug|Any CPU.Build.0 = Debug|Any CPU
		{AD85C4C3-F31A-47F3-95C5-94F54E83B57E}.Release|Any CPU.ActiveCfg = Release|Any CPU
		{AD85C4C3-F31A-47F3-95C5-94F54E83B57E}.Release|Any CPU.Build.0 = Release|Any CPU
		{EB47C5F0-FDD5-49E2-AB94-EBEC4EDCAA54}.Debug|Any CPU.ActiveCfg = Debug|Any CPU
		{EB47C5F0-FDD5-49E2-AB94-EBEC4EDCAA54}.Debug|Any CPU.Build.0 = Debug|Any CPU
		{EB47C5F0-FDD5-49E2-AB94-EBEC4EDCAA54}.Release|Any CPU.ActiveCfg = Release|Any CPU
		{EB47C5F0-FDD5-49E2-AB94-EBEC4EDCAA54}.Release|Any CPU.Build.0 = Release|Any CPU
	EndGlobalSection
	GlobalSection(SolutionProperties) = preSolution
		HideSolutionNode = FALSE
	EndGlobalSection
	GlobalSection(ExtensibilityGlobals) = postSolution
		SolutionGuid = {EAFE2FF9-7961-404C-AF21-9EB9DED24E5F}
	EndGlobalSection
EndGlobal
